
Microsoft Visual Studio Solution File, Format Version 12.00
# Visual Studio 14
VisualStudioVersion = 14.0.25123.0
MinimumVisualStudioVersion = 10.0.40219.1
Project("{2150E333-8FDC-42A3-9474-1A3956D46DE8}") = "ddd1", "ddd1", "{BB70A45C-4885-418C-A636-A585B8BA9D57}"
EndProject
Project("{FAE04EC0-301F-11D3-BF4B-00C04F79EFBC}") = "FrontDesk.Web", "ddd1\FrontDesk.Web\FrontDesk.Web.csproj", "{995F0991-AA60-43AC-B3A3-65438A5C2A6F}"
EndProject
Project("{2150E333-8FDC-42A3-9474-1A3956D46DE8}") = "Infrastructure", "Infrastructure", "{603975AC-5279-408F-B7CD-1A68DE4B053D}"
EndProject
Project("{2150E333-8FDC-42A3-9474-1A3956D46DE8}") = ".nuget", ".nuget", "{01BD2B53-5EC0-4A0F-A8A8-ED06B46D43CD}"
	ProjectSection(SolutionItems) = preProject
		ddd1\.nuget\NuGet.Config = ddd1\.nuget\NuGet.Config
		ddd1\.nuget\NuGet.exe = ddd1\.nuget\NuGet.exe
		ddd1\.nuget\NuGet.targets = ddd1\.nuget\NuGet.targets
	EndProjectSection
EndProject
Project("{2150E333-8FDC-42A3-9474-1A3956D46DE8}") = "AppointmentScheduling", "AppointmentScheduling", "{63686ED5-C5A9-4F43-B648-8DF8E6E6BC04}"
EndProject
Project("{2150E333-8FDC-42A3-9474-1A3956D46DE8}") = "ClientPatientManagement", "ClientPatientManagement", "{B948A57B-ACD8-436C-B1BC-008C97B1D1D4}"
EndProject
Project("{2150E333-8FDC-42A3-9474-1A3956D46DE8}") = "ResourceScheduling", "ResourceScheduling", "{4B29DF7D-1DDD-4098-A921-07240C365FAC}"
	ProjectSection(SolutionItems) = preProject
		ddd1\README.txt = ddd1\README.txt
	EndProjectSection
EndProject
Project("{FAE04EC0-301F-11D3-BF4B-00C04F79EFBC}") = "ClientPatientManagement.Core", "ddd1\ClientPatientManagement.Core\ClientPatientManagement.Core.csproj", "{760D74FC-2E7E-4D73-BEFA-43D8C5678892}"
EndProject
Project("{2150E333-8FDC-42A3-9474-1A3956D46DE8}") = "SharedKernel", "SharedKernel", "{59405093-8ADC-467D-80CD-D690578E6E2B}"
EndProject
Project("{FAE04EC0-301F-11D3-BF4B-00C04F79EFBC}") = "FrontDesk.SharedKernel", "ddd1\FrontDesk.SharedKernel\FrontDesk.SharedKernel.csproj", "{EF61F90A-2E68-4930-B811-D1CFDB429A68}"
EndProject
Project("{FAE04EC0-301F-11D3-BF4B-00C04F79EFBC}") = "ClientPatientManagement.UnitTests", "ddd1\ClientPatientManagement.UnitTests\ClientPatientManagement.UnitTests.csproj", "{DB838FC0-E1E0-4A10-B62C-D261810173D3}"
EndProject
Project("{FAE04EC0-301F-11D3-BF4B-00C04F79EFBC}") = "ClientPatientManagement.Data", "ddd1\ClientPatientManagement.Data\ClientPatientManagement.Data.csproj", "{F643B4C2-4BE4-495C-92D6-F987BC494751}"
EndProject
Project("{FAE04EC0-301F-11D3-BF4B-00C04F79EFBC}") = "VetOffice.SharedDatabase", "ddd1\SharedDatabaseManagement\VetOffice.SharedDatabase.csproj", "{105D1DAC-2C0F-41B7-87FB-4076FE93610B}"
EndProject
Project("{2150E333-8FDC-42A3-9474-1A3956D46DE8}") = "SharedDatabaseManagementTools", "SharedDatabaseManagementTools", "{6A7875AB-F039-462B-91D8-AF4643FE434C}"
EndProject
Project("{FAE04EC0-301F-11D3-BF4B-00C04F79EFBC}") = "SharedDatabaseTests", "ddd1\SharedDatabaseTests\SharedDatabaseTests.csproj", "{E34CF60F-529A-416D-B62D-D5B76978A174}"
EndProject
Project("{FAE04EC0-301F-11D3-BF4B-00C04F79EFBC}") = "ClientPatientManagement.IntegrationTests", "ddd1\ClientPatientManagement.IntegrationTests\ClientPatientManagement.IntegrationTests.csproj", "{72CBA334-CBA8-4089-A2BB-D7A5DD34F1AB}"
EndProject
Project("{FAE04EC0-301F-11D3-BF4B-00C04F79EFBC}") = "AppointmentScheduling.Core", "ddd1\AppointmentScheduling.Core\AppointmentScheduling.Core.csproj", "{8F96D44A-0F71-4103-AE75-42B6FDA2371F}"
EndProject
Project("{FAE04EC0-301F-11D3-BF4B-00C04F79EFBC}") = "AppointmentScheduling.UnitTests", "ddd1\AppointmentScheduling.UnitTests\AppointmentScheduling.UnitTests.csproj", "{1D9F440B-2F07-405F-ABE3-5104E9661973}"
EndProject
Project("{FAE04EC0-301F-11D3-BF4B-00C04F79EFBC}") = "AppointmentScheduling.Data", "ddd1\AppointmentScheduling.Data\AppointmentScheduling.Data.csproj", "{D21FF152-3336-4C6B-BBBA-DF034FDC9236}"
EndProject
Project("{FAE04EC0-301F-11D3-BF4B-00C04F79EFBC}") = "AppointmentScheduling.IntegrationTests", "ddd1\AppointmentScheduling.IntegrationTests\AppointmentScheduling.IntegrationTests.csproj", "{4ABF860B-4F8E-49E9-AD83-DFEB36533BA3}"
EndProject
Project("{2150E333-8FDC-42A3-9474-1A3956D46DE8}") = "ddd2", "ddd2", "{B8C8AE04-3ADF-4FEB-AF18-2605D770C162}"
EndProject
Project("{FAE04EC0-301F-11D3-BF4B-00C04F79EFBC}") = "FrontDesk.Web", "ddd2\FrontDesk.Web\FrontDesk.Web.csproj", "{D2EBDFA7-6C19-47E3-B7D7-0571E6C1184A}"
EndProject
Project("{2150E333-8FDC-42A3-9474-1A3956D46DE8}") = "Infrastructure", "Infrastructure", "{F4A82636-142D-4DA1-9EEB-EC2973C025C9}"
EndProject
Project("{2150E333-8FDC-42A3-9474-1A3956D46DE8}") = ".nuget", ".nuget", "{A5E95436-45D5-4789-85F0-F0E45DBA437A}"
	ProjectSection(SolutionItems) = preProject
		ddd2\.nuget\NuGet.Config = ddd2\.nuget\NuGet.Config
		ddd2\.nuget\NuGet.exe = ddd2\.nuget\NuGet.exe
		ddd2\.nuget\NuGet.targets = ddd2\.nuget\NuGet.targets
	EndProjectSection
EndProject
Project("{2150E333-8FDC-42A3-9474-1A3956D46DE8}") = "AppointmentScheduling", "AppointmentScheduling", "{DE654ACF-5F50-4CD2-985C-EB54336F4678}"
EndProject
Project("{2150E333-8FDC-42A3-9474-1A3956D46DE8}") = "ClientPatientManagement", "ClientPatientManagement", "{640C8374-0B64-45DB-AEA6-A9F2C373084E}"
EndProject
Project("{2150E333-8FDC-42A3-9474-1A3956D46DE8}") = "ResourceScheduling", "ResourceScheduling", "{9ADE0A8F-06E1-48E9-84B4-A961F7ACD6B9}"
	ProjectSection(SolutionItems) = preProject
		ddd2\README.txt = ddd2\README.txt
	EndProjectSection
EndProject
Project("{FAE04EC0-301F-11D3-BF4B-00C04F79EFBC}") = "ClientPatientManagement.Core", "ddd2\ClientPatientManagement.Core\ClientPatientManagement.Core.csproj", "{EA5119E5-9A8E-4B51-93F8-CE67FD3BC5ED}"
EndProject
Project("{2150E333-8FDC-42A3-9474-1A3956D46DE8}") = "SharedKernel", "SharedKernel", "{9FC6911D-72DA-483F-8D22-79FBC5EDE0B6}"
EndProject
Project("{FAE04EC0-301F-11D3-BF4B-00C04F79EFBC}") = "FrontDesk.SharedKernel", "ddd2\FrontDesk.SharedKernel\FrontDesk.SharedKernel.csproj", "{67F23A17-D67E-4FFD-9517-F2667BD1386B}"
EndProject
Project("{FAE04EC0-301F-11D3-BF4B-00C04F79EFBC}") = "ClientPatientManagement.UnitTests", "ddd2\ClientPatientManagement.UnitTests\ClientPatientManagement.UnitTests.csproj", "{F0BC1D16-5DF4-4BF2-B01C-FC0F774DC3C9}"
EndProject
Project("{FAE04EC0-301F-11D3-BF4B-00C04F79EFBC}") = "ClientPatientManagement.Data", "ddd2\ClientPatientManagement.Data\ClientPatientManagement.Data.csproj", "{B6C3045C-C2D6-481D-95E7-AEDA323FD85D}"
EndProject
Project("{FAE04EC0-301F-11D3-BF4B-00C04F79EFBC}") = "VetOffice.SharedDatabase", "ddd2\SharedDatabaseManagement\VetOffice.SharedDatabase.csproj", "{24679EC9-7259-4E15-B078-231AED0E20A6}"
EndProject
Project("{2150E333-8FDC-42A3-9474-1A3956D46DE8}") = "SharedDatabaseManagementTools", "SharedDatabaseManagementTools", "{30B55D95-BB77-4EFD-B5EA-16995E0D312C}"
EndProject
Project("{FAE04EC0-301F-11D3-BF4B-00C04F79EFBC}") = "SharedDatabaseTests", "ddd2\SharedDatabaseTests\SharedDatabaseTests.csproj", "{56A1EADF-1878-47E1-ABD0-BBAC5E157CC6}"
EndProject
Project("{FAE04EC0-301F-11D3-BF4B-00C04F79EFBC}") = "ClientPatientManagement.IntegrationTests", "ddd2\ClientPatientManagement.IntegrationTests\ClientPatientManagement.IntegrationTests.csproj", "{C4A7BBFA-EBE8-402E-8F76-7E2771C25E02}"
EndProject
Project("{FAE04EC0-301F-11D3-BF4B-00C04F79EFBC}") = "AppointmentScheduling.Core", "ddd2\AppointmentScheduling.Core\AppointmentScheduling.Core.csproj", "{BF797269-FA44-454F-BD06-AD9BECC761B6}"
EndProject
Project("{FAE04EC0-301F-11D3-BF4B-00C04F79EFBC}") = "AppointmentScheduling.UnitTests", "ddd2\AppointmentScheduling.UnitTests\AppointmentScheduling.UnitTests.csproj", "{556D5F13-4D21-4F12-BB57-BBDF5BE3254A}"
EndProject
Project("{FAE04EC0-301F-11D3-BF4B-00C04F79EFBC}") = "AppointmentScheduling.Data", "ddd2\AppointmentScheduling.Data\AppointmentScheduling.Data.csproj", "{A5161494-67D8-4D21-B62B-43B54F369042}"
EndProject
Project("{FAE04EC0-301F-11D3-BF4B-00C04F79EFBC}") = "AppointmentScheduling.IntegrationTests", "ddd2\AppointmentScheduling.IntegrationTests\AppointmentScheduling.IntegrationTests.csproj", "{AB33F343-AF05-4DCD-B99C-B1A55BEEEA88}"
EndProject
Global
	GlobalSection(SolutionConfigurationPlatforms) = preSolution
		Debug|Any CPU = Debug|Any CPU
		Release|Any CPU = Release|Any CPU
	EndGlobalSection
	GlobalSection(ProjectConfigurationPlatforms) = postSolution
		{995F0991-AA60-43AC-B3A3-65438A5C2A6F}.Debug|Any CPU.ActiveCfg = Debug|Any CPU
		{995F0991-AA60-43AC-B3A3-65438A5C2A6F}.Debug|Any CPU.Build.0 = Debug|Any CPU
		{995F0991-AA60-43AC-B3A3-65438A5C2A6F}.Release|Any CPU.ActiveCfg = Release|Any CPU
		{995F0991-AA60-43AC-B3A3-65438A5C2A6F}.Release|Any CPU.Build.0 = Release|Any CPU
		{760D74FC-2E7E-4D73-BEFA-43D8C5678892}.Debug|Any CPU.ActiveCfg = Debug|Any CPU
		{760D74FC-2E7E-4D73-BEFA-43D8C5678892}.Debug|Any CPU.Build.0 = Debug|Any CPU
		{760D74FC-2E7E-4D73-BEFA-43D8C5678892}.Release|Any CPU.ActiveCfg = Release|Any CPU
		{760D74FC-2E7E-4D73-BEFA-43D8C5678892}.Release|Any CPU.Build.0 = Release|Any CPU
		{EF61F90A-2E68-4930-B811-D1CFDB429A68}.Debug|Any CPU.ActiveCfg = Debug|Any CPU
		{EF61F90A-2E68-4930-B811-D1CFDB429A68}.Debug|Any CPU.Build.0 = Debug|Any CPU
		{EF61F90A-2E68-4930-B811-D1CFDB429A68}.Release|Any CPU.ActiveCfg = Release|Any CPU
		{EF61F90A-2E68-4930-B811-D1CFDB429A68}.Release|Any CPU.Build.0 = Release|Any CPU
		{DB838FC0-E1E0-4A10-B62C-D261810173D3}.Debug|Any CPU.ActiveCfg = Debug|Any CPU
		{DB838FC0-E1E0-4A10-B62C-D261810173D3}.Debug|Any CPU.Build.0 = Debug|Any CPU
		{DB838FC0-E1E0-4A10-B62C-D261810173D3}.Release|Any CPU.ActiveCfg = Release|Any CPU
		{DB838FC0-E1E0-4A10-B62C-D261810173D3}.Release|Any CPU.Build.0 = Release|Any CPU
		{F643B4C2-4BE4-495C-92D6-F987BC494751}.Debug|Any CPU.ActiveCfg = Debug|Any CPU
		{F643B4C2-4BE4-495C-92D6-F987BC494751}.Debug|Any CPU.Build.0 = Debug|Any CPU
		{F643B4C2-4BE4-495C-92D6-F987BC494751}.Release|Any CPU.ActiveCfg = Release|Any CPU
		{F643B4C2-4BE4-495C-92D6-F987BC494751}.Release|Any CPU.Build.0 = Release|Any CPU
		{105D1DAC-2C0F-41B7-87FB-4076FE93610B}.Debug|Any CPU.ActiveCfg = Debug|Any CPU
		{105D1DAC-2C0F-41B7-87FB-4076FE93610B}.Debug|Any CPU.Build.0 = Debug|Any CPU
		{105D1DAC-2C0F-41B7-87FB-4076FE93610B}.Release|Any CPU.ActiveCfg = Release|Any CPU
		{105D1DAC-2C0F-41B7-87FB-4076FE93610B}.Release|Any CPU.Build.0 = Release|Any CPU
		{E34CF60F-529A-416D-B62D-D5B76978A174}.Debug|Any CPU.ActiveCfg = Debug|Any CPU
		{E34CF60F-529A-416D-B62D-D5B76978A174}.Debug|Any CPU.Build.0 = Debug|Any CPU
		{E34CF60F-529A-416D-B62D-D5B76978A174}.Release|Any CPU.ActiveCfg = Release|Any CPU
		{E34CF60F-529A-416D-B62D-D5B76978A174}.Release|Any CPU.Build.0 = Release|Any CPU
		{72CBA334-CBA8-4089-A2BB-D7A5DD34F1AB}.Debug|Any CPU.ActiveCfg = Debug|Any CPU
		{72CBA334-CBA8-4089-A2BB-D7A5DD34F1AB}.Debug|Any CPU.Build.0 = Debug|Any CPU
		{72CBA334-CBA8-4089-A2BB-D7A5DD34F1AB}.Release|Any CPU.ActiveCfg = Release|Any CPU
		{72CBA334-CBA8-4089-A2BB-D7A5DD34F1AB}.Release|Any CPU.Build.0 = Release|Any CPU
		{8F96D44A-0F71-4103-AE75-42B6FDA2371F}.Debug|Any CPU.ActiveCfg = Debug|Any CPU
		{8F96D44A-0F71-4103-AE75-42B6FDA2371F}.Debug|Any CPU.Build.0 = Debug|Any CPU
		{8F96D44A-0F71-4103-AE75-42B6FDA2371F}.Release|Any CPU.ActiveCfg = Release|Any CPU
		{8F96D44A-0F71-4103-AE75-42B6FDA2371F}.Release|Any CPU.Build.0 = Release|Any CPU
		{1D9F440B-2F07-405F-ABE3-5104E9661973}.Debug|Any CPU.ActiveCfg = Debug|Any CPU
		{1D9F440B-2F07-405F-ABE3-5104E9661973}.Debug|Any CPU.Build.0 = Debug|Any CPU
		{1D9F440B-2F07-405F-ABE3-5104E9661973}.Release|Any CPU.ActiveCfg = Release|Any CPU
		{1D9F440B-2F07-405F-ABE3-5104E9661973}.Release|Any CPU.Build.0 = Release|Any CPU
		{D21FF152-3336-4C6B-BBBA-DF034FDC9236}.Debug|Any CPU.ActiveCfg = Debug|Any CPU
		{D21FF152-3336-4C6B-BBBA-DF034FDC9236}.Debug|Any CPU.Build.0 = Debug|Any CPU
		{D21FF152-3336-4C6B-BBBA-DF034FDC9236}.Release|Any CPU.ActiveCfg = Release|Any CPU
		{D21FF152-3336-4C6B-BBBA-DF034FDC9236}.Release|Any CPU.Build.0 = Release|Any CPU
		{4ABF860B-4F8E-49E9-AD83-DFEB36533BA3}.Debug|Any CPU.ActiveCfg = Debug|Any CPU
		{4ABF860B-4F8E-49E9-AD83-DFEB36533BA3}.Debug|Any CPU.Build.0 = Debug|Any CPU
		{4ABF860B-4F8E-49E9-AD83-DFEB36533BA3}.Release|Any CPU.ActiveCfg = Release|Any CPU
		{4ABF860B-4F8E-49E9-AD83-DFEB36533BA3}.Release|Any CPU.Build.0 = Release|Any CPU
		{D2EBDFA7-6C19-47E3-B7D7-0571E6C1184A}.Debug|Any CPU.ActiveCfg = Debug|Any CPU
		{D2EBDFA7-6C19-47E3-B7D7-0571E6C1184A}.Debug|Any CPU.Build.0 = Debug|Any CPU
		{D2EBDFA7-6C19-47E3-B7D7-0571E6C1184A}.Release|Any CPU.ActiveCfg = Release|Any CPU
		{D2EBDFA7-6C19-47E3-B7D7-0571E6C1184A}.Release|Any CPU.Build.0 = Release|Any CPU
		{EA5119E5-9A8E-4B51-93F8-CE67FD3BC5ED}.Debug|Any CPU.ActiveCfg = Debug|Any CPU
		{EA5119E5-9A8E-4B51-93F8-CE67FD3BC5ED}.Debug|Any CPU.Build.0 = Debug|Any CPU
		{EA5119E5-9A8E-4B51-93F8-CE67FD3BC5ED}.Release|Any CPU.ActiveCfg = Release|Any CPU
		{EA5119E5-9A8E-4B51-93F8-CE67FD3BC5ED}.Release|Any CPU.Build.0 = Release|Any CPU
		{67F23A17-D67E-4FFD-9517-F2667BD1386B}.Debug|Any CPU.ActiveCfg = Debug|Any CPU
		{67F23A17-D67E-4FFD-9517-F2667BD1386B}.Debug|Any CPU.Build.0 = Debug|Any CPU
		{67F23A17-D67E-4FFD-9517-F2667BD1386B}.Release|Any CPU.ActiveCfg = Release|Any CPU
		{67F23A17-D67E-4FFD-9517-F2667BD1386B}.Release|Any CPU.Build.0 = Release|Any CPU
		{F0BC1D16-5DF4-4BF2-B01C-FC0F774DC3C9}.Debug|Any CPU.ActiveCfg = Debug|Any CPU
		{F0BC1D16-5DF4-4BF2-B01C-FC0F774DC3C9}.Debug|Any CPU.Build.0 = Debug|Any CPU
		{F0BC1D16-5DF4-4BF2-B01C-FC0F774DC3C9}.Release|Any CPU.ActiveCfg = Release|Any CPU
		{F0BC1D16-5DF4-4BF2-B01C-FC0F774DC3C9}.Release|Any CPU.Build.0 = Release|Any CPU
		{B6C3045C-C2D6-481D-95E7-AEDA323FD85D}.Debug|Any CPU.ActiveCfg = Debug|Any CPU
		{B6C3045C-C2D6-481D-95E7-AEDA323FD85D}.Debug|Any CPU.Build.0 = Debug|Any CPU
		{B6C3045C-C2D6-481D-95E7-AEDA323FD85D}.Release|Any CPU.ActiveCfg = Release|Any CPU
		{B6C3045C-C2D6-481D-95E7-AEDA323FD85D}.Release|Any CPU.Build.0 = Release|Any CPU
		{24679EC9-7259-4E15-B078-231AED0E20A6}.Debug|Any CPU.ActiveCfg = Debug|Any CPU
		{24679EC9-7259-4E15-B078-231AED0E20A6}.Debug|Any CPU.Build.0 = Debug|Any CPU
		{24679EC9-7259-4E15-B078-231AED0E20A6}.Release|Any CPU.ActiveCfg = Release|Any CPU
		{24679EC9-7259-4E15-B078-231AED0E20A6}.Release|Any CPU.Build.0 = Release|Any CPU
		{56A1EADF-1878-47E1-ABD0-BBAC5E157CC6}.Debug|Any CPU.ActiveCfg = Debug|Any CPU
		{56A1EADF-1878-47E1-ABD0-BBAC5E157CC6}.Debug|Any CPU.Build.0 = Debug|Any CPU
		{56A1EADF-1878-47E1-ABD0-BBAC5E157CC6}.Release|Any CPU.ActiveCfg = Release|Any CPU
		{56A1EADF-1878-47E1-ABD0-BBAC5E157CC6}.Release|Any CPU.Build.0 = Release|Any CPU
		{C4A7BBFA-EBE8-402E-8F76-7E2771C25E02}.Debug|Any CPU.ActiveCfg = Debug|Any CPU
		{C4A7BBFA-EBE8-402E-8F76-7E2771C25E02}.Debug|Any CPU.Build.0 = Debug|Any CPU
		{C4A7BBFA-EBE8-402E-8F76-7E2771C25E02}.Release|Any CPU.ActiveCfg = Release|Any CPU
		{C4A7BBFA-EBE8-402E-8F76-7E2771C25E02}.Release|Any CPU.Build.0 = Release|Any CPU
		{BF797269-FA44-454F-BD06-AD9BECC761B6}.Debug|Any CPU.ActiveCfg = Debug|Any CPU
		{BF797269-FA44-454F-BD06-AD9BECC761B6}.Debug|Any CPU.Build.0 = Debug|Any CPU
		{BF797269-FA44-454F-BD06-AD9BECC761B6}.Release|Any CPU.ActiveCfg = Release|Any CPU
		{BF797269-FA44-454F-BD06-AD9BECC761B6}.Release|Any CPU.Build.0 = Release|Any CPU
		{556D5F13-4D21-4F12-BB57-BBDF5BE3254A}.Debug|Any CPU.ActiveCfg = Debug|Any CPU
		{556D5F13-4D21-4F12-BB57-BBDF5BE3254A}.Debug|Any CPU.Build.0 = Debug|Any CPU
		{556D5F13-4D21-4F12-BB57-BBDF5BE3254A}.Release|Any CPU.ActiveCfg = Release|Any CPU
		{556D5F13-4D21-4F12-BB57-BBDF5BE3254A}.Release|Any CPU.Build.0 = Release|Any CPU
		{A5161494-67D8-4D21-B62B-43B54F369042}.Debug|Any CPU.ActiveCfg = Debug|Any CPU
		{A5161494-67D8-4D21-B62B-43B54F369042}.Debug|Any CPU.Build.0 = Debug|Any CPU
		{A5161494-67D8-4D21-B62B-43B54F369042}.Release|Any CPU.ActiveCfg = Release|Any CPU
		{A5161494-67D8-4D21-B62B-43B54F369042}.Release|Any CPU.Build.0 = Release|Any CPU
		{AB33F343-AF05-4DCD-B99C-B1A55BEEEA88}.Debug|Any CPU.ActiveCfg = Debug|Any CPU
		{AB33F343-AF05-4DCD-B99C-B1A55BEEEA88}.Debug|Any CPU.Build.0 = Debug|Any CPU
		{AB33F343-AF05-4DCD-B99C-B1A55BEEEA88}.Release|Any CPU.ActiveCfg = Release|Any CPU
		{AB33F343-AF05-4DCD-B99C-B1A55BEEEA88}.Release|Any CPU.Build.0 = Release|Any CPU
	EndGlobalSection
	GlobalSection(SolutionProperties) = preSolution
		HideSolutionNode = FALSE
	EndGlobalSection
	GlobalSection(NestedProjects) = preSolution
		{995F0991-AA60-43AC-B3A3-65438A5C2A6F} = {BB70A45C-4885-418C-A636-A585B8BA9D57}
		{603975AC-5279-408F-B7CD-1A68DE4B053D} = {63686ED5-C5A9-4F43-B648-8DF8E6E6BC04}
		{01BD2B53-5EC0-4A0F-A8A8-ED06B46D43CD} = {BB70A45C-4885-418C-A636-A585B8BA9D57}
		{63686ED5-C5A9-4F43-B648-8DF8E6E6BC04} = {BB70A45C-4885-418C-A636-A585B8BA9D57}
		{B948A57B-ACD8-436C-B1BC-008C97B1D1D4} = {BB70A45C-4885-418C-A636-A585B8BA9D57}
		{4B29DF7D-1DDD-4098-A921-07240C365FAC} = {BB70A45C-4885-418C-A636-A585B8BA9D57}
		{760D74FC-2E7E-4D73-BEFA-43D8C5678892} = {B948A57B-ACD8-436C-B1BC-008C97B1D1D4}
		{59405093-8ADC-467D-80CD-D690578E6E2B} = {BB70A45C-4885-418C-A636-A585B8BA9D57}
		{EF61F90A-2E68-4930-B811-D1CFDB429A68} = {59405093-8ADC-467D-80CD-D690578E6E2B}
		{DB838FC0-E1E0-4A10-B62C-D261810173D3} = {B948A57B-ACD8-436C-B1BC-008C97B1D1D4}
		{F643B4C2-4BE4-495C-92D6-F987BC494751} = {B948A57B-ACD8-436C-B1BC-008C97B1D1D4}
		{105D1DAC-2C0F-41B7-87FB-4076FE93610B} = {6A7875AB-F039-462B-91D8-AF4643FE434C}
		{6A7875AB-F039-462B-91D8-AF4643FE434C} = {BB70A45C-4885-418C-A636-A585B8BA9D57}
		{E34CF60F-529A-416D-B62D-D5B76978A174} = {6A7875AB-F039-462B-91D8-AF4643FE434C}
		{72CBA334-CBA8-4089-A2BB-D7A5DD34F1AB} = {B948A57B-ACD8-436C-B1BC-008C97B1D1D4}
		{8F96D44A-0F71-4103-AE75-42B6FDA2371F} = {63686ED5-C5A9-4F43-B648-8DF8E6E6BC04}
		{1D9F440B-2F07-405F-ABE3-5104E9661973} = {63686ED5-C5A9-4F43-B648-8DF8E6E6BC04}
		{D21FF152-3336-4C6B-BBBA-DF034FDC9236} = {603975AC-5279-408F-B7CD-1A68DE4B053D}
		{4ABF860B-4F8E-49E9-AD83-DFEB36533BA3} = {603975AC-5279-408F-B7CD-1A68DE4B053D}
		{D2EBDFA7-6C19-47E3-B7D7-0571E6C1184A} = {B8C8AE04-3ADF-4FEB-AF18-2605D770C162}
		{F4A82636-142D-4DA1-9EEB-EC2973C025C9} = {B8C8AE04-3ADF-4FEB-AF18-2605D770C162}
		{A5E95436-45D5-4789-85F0-F0E45DBA437A} = {B8C8AE04-3ADF-4FEB-AF18-2605D770C162}
		{DE654ACF-5F50-4CD2-985C-EB54336F4678} = {B8C8AE04-3ADF-4FEB-AF18-2605D770C162}
		{640C8374-0B64-45DB-AEA6-A9F2C373084E} = {B8C8AE04-3ADF-4FEB-AF18-2605D770C162}
		{9ADE0A8F-06E1-48E9-84B4-A961F7ACD6B9} = {B8C8AE04-3ADF-4FEB-AF18-2605D770C162}
		{EA5119E5-9A8E-4B51-93F8-CE67FD3BC5ED} = {B8C8AE04-3ADF-4FEB-AF18-2605D770C162}
		{9FC6911D-72DA-483F-8D22-79FBC5EDE0B6} = {B8C8AE04-3ADF-4FEB-AF18-2605D770C162}
		{67F23A17-D67E-4FFD-9517-F2667BD1386B} = {B8C8AE04-3ADF-4FEB-AF18-2605D770C162}
		{F0BC1D16-5DF4-4BF2-B01C-FC0F774DC3C9} = {B8C8AE04-3ADF-4FEB-AF18-2605D770C162}
		{B6C3045C-C2D6-481D-95E7-AEDA323FD85D} = {B8C8AE04-3ADF-4FEB-AF18-2605D770C162}
		{24679EC9-7259-4E15-B078-231AED0E20A6} = {B8C8AE04-3ADF-4FEB-AF18-2605D770C162}
		{30B55D95-BB77-4EFD-B5EA-16995E0D312C} = {B8C8AE04-3ADF-4FEB-AF18-2605D770C162}
		{56A1EADF-1878-47E1-ABD0-BBAC5E157CC6} = {B8C8AE04-3ADF-4FEB-AF18-2605D770C162}
		{C4A7BBFA-EBE8-402E-8F76-7E2771C25E02} = {B8C8AE04-3ADF-4FEB-AF18-2605D770C162}
		{BF797269-FA44-454F-BD06-AD9BECC761B6} = {B8C8AE04-3ADF-4FEB-AF18-2605D770C162}
		{556D5F13-4D21-4F12-BB57-BBDF5BE3254A} = {B8C8AE04-3ADF-4FEB-AF18-2605D770C162}
		{A5161494-67D8-4D21-B62B-43B54F369042} = {B8C8AE04-3ADF-4FEB-AF18-2605D770C162}
		{AB33F343-AF05-4DCD-B99C-B1A55BEEEA88} = {B8C8AE04-3ADF-4FEB-AF18-2605D770C162}
	EndGlobalSection
	GlobalSection(ExtensibilityGlobals) = postSolution
		EnterpriseLibraryConfigurationToolBinariesPath = packages\Unity.2.1.505.2\lib\NET35
	EndGlobalSection
EndGlobal
